
Microsoft Visual Studio Solution File, Format Version 12.00
# Visual Studio Version 16
VisualStudioVersion = 16.0.30907.101
MinimumVisualStudioVersion = 10.0.40219.1
Project("{9A19103F-16F7-4668-BE54-9A1E7A4F7556}") = "PrismTabTest", "PrismTabTest\PrismTabTest.csproj", "{BB14C6C6-EE84-44FC-8985-ABEC82A1D730}"
EndProject
Project("{9A19103F-16F7-4668-BE54-9A1E7A4F7556}") = "Module1", "Module1\Module1.csproj", "{7C2CF62E-E795-4B1B-9EBB-4609088D8ACF}"
EndProject
Project("{9A19103F-16F7-4668-BE54-9A1E7A4F7556}") = "Module2", "Module2\Module2.csproj", "{61F5F70B-80FC-4EA9-BFA4-36D821BDD20A}"
EndProject
Global
	GlobalSection(SolutionConfigurationPlatforms) = preSolution
		Debug|Any CPU = Debug|Any CPU
		Release|Any CPU = Release|Any CPU
	EndGlobalSection
	GlobalSection(ProjectConfigurationPlatforms) = postSolution
		{BB14C6C6-EE84-44FC-8985-ABEC82A1D730}.Debug|Any CPU.ActiveCfg = Debug|Any CPU
		{BB14C6C6-EE84-44FC-8985-ABEC82A1D730}.Debug|Any CPU.Build.0 = Debug|Any CPU
		{BB14C6C6-EE84-44FC-8985-ABEC82A1D730}.Release|Any CPU.ActiveCfg = Release|Any CPU
		{BB14C6C6-EE84-44FC-8985-ABEC82A1D730}.Release|Any CPU.Build.0 = Release|Any CPU
		{7C2CF62E-E795-4B1B-9EBB-4609088D8ACF}.Debug|Any CPU.ActiveCfg = Debug|Any CPU
		{7C2CF62E-E795-4B1B-9EBB-4609088D8ACF}.Debug|Any CPU.Build.0 = Debug|Any CPU
		{7C2CF62E-E795-4B1B-9EBB-4609088D8ACF}.Release|Any CPU.ActiveCfg = Release|Any CPU
		{7C2CF62E-E795-4B1B-9EBB-4609088D8ACF}.Release|Any CPU.Build.0 = Release|Any CPU
		{61F5F70B-80FC-4EA9-BFA4-36D821BDD20A}.Debug|Any CPU.ActiveCfg = Debug|Any CPU
		{61F5F70B-80FC-4EA9-BFA4-36D821BDD20A}.Debug|Any CPU.Build.0 = Debug|Any CPU
		{61F5F70B-80FC-4EA9-BFA4-36D821BDD20A}.Release|Any CPU.ActiveCfg = Release|Any CPU
		{61F5F70B-80FC-4EA9-BFA4-36D821BDD20A}.Release|Any CPU.Build.0 = Release|Any CPU
	EndGlobalSection
	GlobalSection(SolutionProperties) = preSolution
		HideSolutionNode = FALSE
	EndGlobalSection
	GlobalSection(ExtensibilityGlobals) = postSolution
		SolutionGuid = {D0AA6FEF-973C-4AAD-8B5E-2903AA45F446}
	EndGlobalSection
EndGlobal
